
Microsoft Visual Studio Solution File, Format Version 12.00
# Visual Studio Version 16
VisualStudioVersion = 16.0.30011.22
MinimumVisualStudioVersion = 10.0.40219.1
Project("{9A19103F-16F7-4668-BE54-9A1E7A4F7556}") = "ACM.BL", "ACM.BL\ACM.BL.csproj", "{96890CEC-7D8C-473B-ABC5-C8729FCB2BD2}"
EndProject
Project("{2150E333-8FDC-42A3-9474-1A3956D46DE8}") = "Tests", "Tests", "{51045BEA-6B4B-4CB6-930A-BFF7FAC13278}"
EndProject
Project("{FAE04EC0-301F-11D3-BF4B-00C04F79EFBC}") = "ACM.BLTest", "Tests\ACM.BLTest\ACM.BLTest.csproj", "{23AE90EC-3B1A-4972-8D27-1A9B3F7DA06A}"
EndProject
Project("{FAE04EC0-301F-11D3-BF4B-00C04F79EFBC}") = "Acme.Common", "Acme.Common\Acme.Common.csproj", "{B1365027-73A4-4B92-BCF5-754EFC2ABDDE}"
EndProject
Project("{FAE04EC0-301F-11D3-BF4B-00C04F79EFBC}") = "Acme.CommonTest", "Acme.CommonTest\Acme.CommonTest.csproj", "{4C392495-2D97-41F7-9215-F921D0621505}"
EndProject
Global
	GlobalSection(SolutionConfigurationPlatforms) = preSolution
		Debug|Any CPU = Debug|Any CPU
		Release|Any CPU = Release|Any CPU
	EndGlobalSection
	GlobalSection(ProjectConfigurationPlatforms) = postSolution
		{96890CEC-7D8C-473B-ABC5-C8729FCB2BD2}.Debug|Any CPU.ActiveCfg = Debug|Any CPU
		{96890CEC-7D8C-473B-ABC5-C8729FCB2BD2}.Debug|Any CPU.Build.0 = Debug|Any CPU
		{96890CEC-7D8C-473B-ABC5-C8729FCB2BD2}.Release|Any CPU.ActiveCfg = Release|Any CPU
		{96890CEC-7D8C-473B-ABC5-C8729FCB2BD2}.Release|Any CPU.Build.0 = Release|Any CPU
		{23AE90EC-3B1A-4972-8D27-1A9B3F7DA06A}.Debug|Any CPU.ActiveCfg = Debug|Any CPU
		{23AE90EC-3B1A-4972-8D27-1A9B3F7DA06A}.Debug|Any CPU.Build.0 = Debug|Any CPU
		{23AE90EC-3B1A-4972-8D27-1A9B3F7DA06A}.Release|Any CPU.ActiveCfg = Release|Any CPU
		{23AE90EC-3B1A-4972-8D27-1A9B3F7DA06A}.Release|Any CPU.Build.0 = Release|Any CPU
		{B1365027-73A4-4B92-BCF5-754EFC2ABDDE}.Debug|Any CPU.ActiveCfg = Debug|Any CPU
		{B1365027-73A4-4B92-BCF5-754EFC2ABDDE}.Debug|Any CPU.Build.0 = Debug|Any CPU
		{B1365027-73A4-4B92-BCF5-754EFC2ABDDE}.Release|Any CPU.ActiveCfg = Release|Any CPU
		{B1365027-73A4-4B92-BCF5-754EFC2ABDDE}.Release|Any CPU.Build.0 = Release|Any CPU
		{4C392495-2D97-41F7-9215-F921D0621505}.Debug|Any CPU.ActiveCfg = Debug|Any CPU
		{4C392495-2D97-41F7-9215-F921D0621505}.Debug|Any CPU.Build.0 = Debug|Any CPU
		{4C392495-2D97-41F7-9215-F921D0621505}.Release|Any CPU.ActiveCfg = Release|Any CPU
		{4C392495-2D97-41F7-9215-F921D0621505}.Release|Any CPU.Build.0 = Release|Any CPU
	EndGlobalSection
	GlobalSection(SolutionProperties) = preSolution
		HideSolutionNode = FALSE
	EndGlobalSection
	GlobalSection(NestedProjects) = preSolution
		{23AE90EC-3B1A-4972-8D27-1A9B3F7DA06A} = {51045BEA-6B4B-4CB6-930A-BFF7FAC13278}
		{4C392495-2D97-41F7-9215-F921D0621505} = {51045BEA-6B4B-4CB6-930A-BFF7FAC13278}
	EndGlobalSection
	GlobalSection(ExtensibilityGlobals) = postSolution
		SolutionGuid = {F79108E6-93FB-4A77-BB25-7586AEF4D7E7}
	EndGlobalSection
EndGlobal
